
Microsoft Visual Studio Solution File, Format Version 12.00
# Visual Studio Version 16
VisualStudioVersion = 16.0.30717.126
MinimumVisualStudioVersion = 10.0.40219.1
Project("{FAE04EC0-301F-11D3-BF4B-00C04F79EFBC}") = "MazeFinalProject", "MazeFinalProject\MazeFinalProject.csproj", "{4A6F67EE-494F-4AA6-B242-0CA0343E4939}"
EndProject
Global
	GlobalSection(SolutionConfigurationPlatforms) = preSolution
		Debug|Any CPU = Debug|Any CPU
		Release|Any CPU = Release|Any CPU
	EndGlobalSection
	GlobalSection(ProjectConfigurationPlatforms) = postSolution
		{4A6F67EE-494F-4AA6-B242-0CA0343E4939}.Debug|Any CPU.ActiveCfg = Debug|Any CPU
		{4A6F67EE-494F-4AA6-B242-0CA0343E4939}.Debug|Any CPU.Build.0 = Debug|Any CPU
		{4A6F67EE-494F-4AA6-B242-0CA0343E4939}.Release|Any CPU.ActiveCfg = Release|Any CPU
		{4A6F67EE-494F-4AA6-B242-0CA0343E4939}.Release|Any CPU.Build.0 = Release|Any CPU
	EndGlobalSection
	GlobalSection(SolutionProperties) = preSolution
		HideSolutionNode = FALSE
	EndGlobalSection
	GlobalSection(ExtensibilityGlobals) = postSolution
		SolutionGuid = {3C83BC0E-FE15-45E2-A51D-FFA1932C7DD2}
	EndGlobalSection
EndGlobal
